
Microsoft Visual Studio Solution File, Format Version 12.00
# Visual Studio Version 17
VisualStudioVersion = 17.6.33723.286
MinimumVisualStudioVersion = 10.0.40219.1
Project("{FAE04EC0-301F-11D3-BF4B-00C04F79EFBC}") = "SistemaDeTarefas", "SistemaDeTarefas.csproj", "{9A9E1320-5783-4CDA-A65F-D2C9222BDBA1}"
EndProject
Global
	GlobalSection(SolutionConfigurationPlatforms) = preSolution
		Debug|Any CPU = Debug|Any CPU
		Release|Any CPU = Release|Any CPU
	EndGlobalSection
	GlobalSection(ProjectConfigurationPlatforms) = postSolution
		{9A9E1320-5783-4CDA-A65F-D2C9222BDBA1}.Debug|Any CPU.ActiveCfg = Debug|Any CPU
		{9A9E1320-5783-4CDA-A65F-D2C9222BDBA1}.Debug|Any CPU.Build.0 = Debug|Any CPU
		{9A9E1320-5783-4CDA-A65F-D2C9222BDBA1}.Release|Any CPU.ActiveCfg = Release|Any CPU
		{9A9E1320-5783-4CDA-A65F-D2C9222BDBA1}.Release|Any CPU.Build.0 = Release|Any CPU
	EndGlobalSection
	GlobalSection(SolutionProperties) = preSolution
		HideSolutionNode = FALSE
	EndGlobalSection
	GlobalSection(ExtensibilityGlobals) = postSolution
		SolutionGuid = {51D1EF9D-8589-4FE7-85A8-89A23A5C0B4A}
	EndGlobalSection
EndGlobal
